version = 1
revision = 1
requires-python = ">=3.12"

[[package]]
name = "click"
version = "8.1.8"
source = { registry = "https://pypi.org/simple" }
dependencies = [
    { name = "colorama", marker = "sys_platform == 'win32'" },
]
sdist = { url = "https://files.pythonhosted.org/packages/b9/2e/0090cbf739cee7d23781ad4b89a9894a41538e4fcf4c31dcdd705b78eb8b/click-8.1.8.tar.gz", hash = "sha256:ed53c9d8990d83c2a27deae68e4ee337473f6330c040a31d4225c9574d16096a", size = 226593 }
wheels = [
    { url = "https://files.pythonhosted.org/packages/7e/d4/7ebdbd03970677812aac39c869717059dbb71a4cfc033ca6e5221787892c/click-8.1.8-py3-none-any.whl", hash = "sha256:63c132bbbed01578a06712a2d1f497bb62d9c1c0d329b7903a866228027263b2", size = 98188 },
]

[[package]]
name = "colorama"
version = "0.4.6"
source = { registry = "https://pypi.org/simple" }
sdist = { url = "https://files.pythonhosted.org/packages/d8/53/6f443c9a4a8358a93a6792e2acffb9d9d5cb0a5cfd8802644b7b1c9a02e4/colorama-0.4.6.tar.gz", hash = "sha256:08695f5cb7ed6e0531a20572697297273c47b8cae5a63ffc6d6ed5c201be6e44", size = 27697 }
wheels = [
    { url = "https://files.pythonhosted.org/packages/d1/d6/3965ed04c63042e047cb6a3e6ed1a63a35087b6a609aa3a15ed8ac56c221/colorama-0.4.6-py2.py3-none-any.whl", hash = "sha256:4f1d9991f5acc0ca119f9d443620b77f9d6b33703e51011c16baf57afb285fc6", size = 25335 },
]

[[package]]
name = "coverage"
version = "7.7.1"
source = { registry = "https://pypi.org/simple" }
sdist = { url = "https://files.pythonhosted.org/packages/6b/bf/3effb7453498de9c14a81ca21e1f92e6723ce7ebdc5402ae30e4dcc490ac/coverage-7.7.1.tar.gz", hash = "sha256:199a1272e642266b90c9f40dec7fd3d307b51bf639fa0d15980dc0b3246c1393", size = 810332 }
wheels = [
    { url = "https://files.pythonhosted.org/packages/cf/b0/4eaba302a86ec3528231d7cfc954ae1929ec5d42b032eb6f5b5f5a9155d2/coverage-7.7.1-cp312-cp312-macosx_10_13_x86_64.whl", hash = "sha256:eff187177d8016ff6addf789dcc421c3db0d014e4946c1cc3fbf697f7852459d", size = 211253 },
    { url = "https://files.pythonhosted.org/packages/fd/68/21b973e6780a3f2457e31ede1aca6c2f84bda4359457b40da3ae805dcf30/coverage-7.7.1-cp312-cp312-macosx_11_0_arm64.whl", hash = "sha256:2444fbe1ba1889e0b29eb4d11931afa88f92dc507b7248f45be372775b3cef4f", size = 211504 },
    { url = "https://files.pythonhosted.org/packages/d1/b4/c19e9c565407664390254252496292f1e3076c31c5c01701ffacc060e745/coverage-7.7.1-cp312-cp312-manylinux_2_17_aarch64.manylinux2014_aarch64.whl", hash = "sha256:177d837339883c541f8524683e227adcaea581eca6bb33823a2a1fdae4c988e1", size = 245566 },
    { url = "https://files.pythonhosted.org/packages/7b/0e/f9829cdd25e5083638559c8c267ff0577c6bab19dacb1a4fcfc1e70e41c0/coverage-7.7.1-cp312-cp312-manylinux_2_5_i686.manylinux1_i686.manylinux_2_17_i686.manylinux2014_i686.whl", hash = "sha256:15d54ecef1582b1d3ec6049b20d3c1a07d5e7f85335d8a3b617c9960b4f807e0", size = 242455 },
    { url = "https://files.pythonhosted.org/packages/29/57/a3ada2e50a665bf6d9851b5eb3a9a07d7e38f970bdd4d39895f311331d56/coverage-7.7.1-cp312-cp312-manylinux_2_5_x86_64.manylinux1_x86_64.manylinux_2_17_x86_64.manylinux2014_x86_64.whl", hash = "sha256:75c82b27c56478d5e1391f2e7b2e7f588d093157fa40d53fd9453a471b1191f2", size = 244713 },
    { url = "https://files.pythonhosted.org/packages/0f/d3/f15c7d45682a73eca0611427896016bad4c8f635b0fc13aae13a01f8ed9d/coverage-7.7.1-cp312-cp312-musllinux_1_2_aarch64.whl", hash = "sha256:315ff74b585110ac3b7ab631e89e769d294f303c6d21302a816b3554ed4c81af", size = 244476 },
    { url = "https://files.pythonhosted.org/packages/19/3b/64540074e256082b220e8810fd72543eff03286c59dc91976281dc0a559c/coverage-7.7.1-cp312-cp312-musllinux_1_2_i686.whl", hash = "sha256:4dd532dac197d68c478480edde74fd4476c6823355987fd31d01ad9aa1e5fb59", size = 242695 },
    { url = "https://files.pythonhosted.org/packages/8a/c1/9cad25372ead7f9395a91bb42d8ae63e6cefe7408eb79fd38797e2b763eb/coverage-7.7.1-cp312-cp312-musllinux_1_2_x86_64.whl", hash = "sha256:385618003e3d608001676bb35dc67ae3ad44c75c0395d8de5780af7bb35be6b2", size = 243888 },
    { url = "https://files.pythonhosted.org/packages/66/c6/c3e6c895bc5b95ccfe4cb5838669dbe5226ee4ad10604c46b778c304d6f9/coverage-7.7.1-cp312-cp312-win32.whl", hash = "sha256:63306486fcb5a827449464f6211d2991f01dfa2965976018c9bab9d5e45a35c8", size = 213744 },
    { url = "https://files.pythonhosted.org/packages/cc/8a/6df2fcb4c3e38ec6cd7e211ca8391405ada4e3b1295695d00aa07c6ee736/coverage-7.7.1-cp312-cp312-win_amd64.whl", hash = "sha256:37351dc8123c154fa05b7579fdb126b9f8b1cf42fd6f79ddf19121b7bdd4aa04", size = 214546 },
    { url = "https://files.pythonhosted.org/packages/ec/2a/1a254eaadb01c163b29d6ce742aa380fc5cfe74a82138ce6eb944c42effa/coverage-7.7.1-cp313-cp313-macosx_10_13_x86_64.whl", hash = "sha256:eebd927b86761a7068a06d3699fd6c20129becf15bb44282db085921ea0f1585", size = 211277 },
    { url = "https://files.pythonhosted.org/packages/cf/00/9636028365efd4eb6db71cdd01d99e59f25cf0d47a59943dbee32dd1573b/coverage-7.7.1-cp313-cp313-macosx_11_0_arm64.whl", hash = "sha256:2a79c4a09765d18311c35975ad2eb1ac613c0401afdd9cb1ca4110aeb5dd3c4c", size = 211551 },
    { url = "https://files.pythonhosted.org/packages/6f/c8/14aed97f80363f055b6cd91e62986492d9fe3b55e06b4b5c82627ae18744/coverage-7.7.1-cp313-cp313-manylinux_2_17_aarch64.manylinux2014_aarch64.whl", hash = "sha256:8b1c65a739447c5ddce5b96c0a388fd82e4bbdff7251396a70182b1d83631019", size = 245068 },
    { url = "https://files.pythonhosted.org/packages/d6/76/9c5fe3f900e01d7995b0cda08fc8bf9773b4b1be58bdd626f319c7d4ec11/coverage-7.7.1-cp313-cp313-manylinux_2_5_i686.manylinux1_i686.manylinux_2_17_i686.manylinux2014_i686.whl", hash = "sha256:392cc8fd2b1b010ca36840735e2a526fcbd76795a5d44006065e79868cc76ccf", size = 242109 },
    { url = "https://files.pythonhosted.org/packages/c0/81/760993bb536fb674d3a059f718145dcd409ed6d00ae4e3cbf380019fdfd0/coverage-7.7.1-cp313-cp313-manylinux_2_5_x86_64.manylinux1_x86_64.manylinux_2_17_x86_64.manylinux2014_x86_64.whl", hash = "sha256:9bb47cc9f07a59a451361a850cb06d20633e77a9118d05fd0f77b1864439461b", size = 244129 },
    { url = "https://files.pythonhosted.org/packages/00/be/1114a19f93eae0b6cd955dabb5bee80397bd420d846e63cd0ebffc134e3d/coverage-7.7.1-cp313-cp313-musllinux_1_2_aarch64.whl", hash = "sha256:b4c144c129343416a49378e05c9451c34aae5ccf00221e4fa4f487db0816ee2f", size = 244201 },
    { url = "https://files.pythonhosted.org/packages/06/8d/9128fd283c660474c7dc2b1ea5c66761bc776b970c1724989ed70e9d6eee/coverage-7.7.1-cp313-cp313-musllinux_1_2_i686.whl", hash = "sha256:bc96441c9d9ca12a790b5ae17d2fa6654da4b3962ea15e0eabb1b1caed094777", size = 242282 },
    { url = "https://files.pythonhosted.org/packages/d4/2a/6d7dbfe9c1f82e2cdc28d48f4a0c93190cf58f057fa91ba2391b92437fe6/coverage-7.7.1-cp313-cp313-musllinux_1_2_x86_64.whl", hash = "sha256:3d03287eb03186256999539d98818c425c33546ab4901028c8fa933b62c35c3a", size = 243570 },
    { url = "https://files.pythonhosted.org/packages/cf/3e/29f1e4ce3bb951bcf74b2037a82d94c5064b3334304a3809a95805628838/coverage-7.7.1-cp313-cp313-win32.whl", hash = "sha256:8fed429c26b99641dc1f3a79179860122b22745dd9af36f29b141e178925070a", size = 213772 },
    { url = "https://files.pythonhosted.org/packages/bc/3a/cf029bf34aefd22ad34f0e808eba8d5830f297a1acb483a2124f097ff769/coverage-7.7.1-cp313-cp313-win_amd64.whl", hash = "sha256:092b134129a8bb940c08b2d9ceb4459af5fb3faea77888af63182e17d89e1cf1", size = 214575 },
    { url = "https://files.pythonhosted.org/packages/92/4c/fb8b35f186a2519126209dce91ab8644c9a901cf04f8dfa65576ca2dd9e8/coverage-7.7.1-cp313-cp313t-macosx_10_13_x86_64.whl", hash = "sha256:d3154b369141c3169b8133973ac00f63fcf8d6dbcc297d788d36afbb7811e511", size = 212113 },
    { url = "https://files.pythonhosted.org/packages/59/90/e834ffc86fd811c5b570a64ee1895b20404a247ec18a896b9ba543b12097/coverage-7.7.1-cp313-cp313t-macosx_11_0_arm64.whl", hash = "sha256:264ff2bcce27a7f455b64ac0dfe097680b65d9a1a293ef902675fa8158d20b24", size = 212333 },
    { url = "https://files.pythonhosted.org/packages/a5/a1/27f0ad39569b3b02410b881c42e58ab403df13fcd465b475db514b83d3d3/coverage-7.7.1-cp313-cp313t-manylinux_2_17_aarch64.manylinux2014_aarch64.whl", hash = "sha256:ba8480ebe401c2f094d10a8c4209b800a9b77215b6c796d16b6ecdf665048950", size = 256566 },
    { url = "https://files.pythonhosted.org/packages/9f/3b/21fa66a1db1b90a0633e771a32754f7c02d60236a251afb1b86d7e15d83a/coverage-7.7.1-cp313-cp313t-manylinux_2_5_i686.manylinux1_i686.manylinux_2_17_i686.manylinux2014_i686.whl", hash = "sha256:520af84febb6bb54453e7fbb730afa58c7178fd018c398a8fcd8e269a79bf96d", size = 252276 },
    { url = "https://files.pythonhosted.org/packages/d6/e5/4ab83a59b0f8ac4f0029018559fc4c7d042e1b4552a722e2bfb04f652296/coverage-7.7.1-cp313-cp313t-manylinux_2_5_x86_64.manylinux1_x86_64.manylinux_2_17_x86_64.manylinux2014_x86_64.whl", hash = "sha256:88d96127ae01ff571d465d4b0be25c123789cef88ba0879194d673fdea52f54e", size = 254616 },
    { url = "https://files.pythonhosted.org/packages/db/7a/4224417c0ccdb16a5ba4d8d1fcfaa18439be1624c29435bb9bc88ccabdfb/coverage-7.7.1-cp313-cp313t-musllinux_1_2_aarch64.whl", hash = "sha256:0ce92c5a9d7007d838456f4b77ea159cb628187a137e1895331e530973dcf862", size = 255707 },
    { url = "https://files.pythonhosted.org/packages/51/20/ff18a329ccaa3d035e2134ecf3a2e92a52d3be6704c76e74ca5589ece260/coverage-7.7.1-cp313-cp313t-musllinux_1_2_i686.whl", hash = "sha256:0dab4ef76d7b14f432057fdb7a0477e8bffca0ad39ace308be6e74864e632271", size = 253876 },
    { url = "https://files.pythonhosted.org/packages/e4/e8/1d6f1a6651672c64f45ffad05306dad9c4c189bec694270822508049b2cb/coverage-7.7.1-cp313-cp313t-musllinux_1_2_x86_64.whl", hash = "sha256:7e688010581dbac9cab72800e9076e16f7cccd0d89af5785b70daa11174e94de", size = 254687 },
    { url = "https://files.pythonhosted.org/packages/6b/ea/1b9a14cf3e2bc3fd9de23a336a8082091711c5f480b500782d59e84a8fe5/coverage-7.7.1-cp313-cp313t-win32.whl", hash = "sha256:e52eb31ae3afacdacfe50705a15b75ded67935770c460d88c215a9c0c40d0e9c", size = 214486 },
    { url = "https://files.pythonhosted.org/packages/cc/bb/faa6bcf769cb7b3b660532a30d77c440289b40636c7f80e498b961295d07/coverage-7.7.1-cp313-cp313t-win_amd64.whl", hash = "sha256:a6b6b3bd121ee2ec4bd35039319f3423d0be282b9752a5ae9f18724bc93ebe7c", size = 215647 },
    { url = "https://files.pythonhosted.org/packages/52/26/9f53293ff4cc1d47d98367ce045ca2e62746d6be74a5c6851a474eabf59b/coverage-7.7.1-py3-none-any.whl", hash = "sha256:822fa99dd1ac686061e1219b67868e25d9757989cf2259f735a4802497d6da31", size = 203006 },
]

[[package]]
name = "dependency-injector"
version = "4.46.0"
source = { registry = "https://pypi.org/simple" }
sdist = { url = "https://files.pythonhosted.org/packages/43/86/4b571dbd26c06d2492176ed533d8af744bc536a98fb47d5a5e59a8593920/dependency_injector-4.46.0.tar.gz", hash = "sha256:14da7974b0a749e4f7616247e8adcbaf86556989084958b08f66e782e8e14edf", size = 1112411 }
wheels = [
    { url = "https://files.pythonhosted.org/packages/85/ba/33cac24b4feb5fa0783eeea46dbfb0cd1a94fdd796e036177d38568a2f48/dependency_injector-4.46.0-cp312-cp312-macosx_11_0_arm64.whl", hash = "sha256:e8aa252a555cb7fc9b22c31821c5c94e5ac57460db57a12ff5cd4e59ff695f83", size = 1852638 },
    { url = "https://files.pythonhosted.org/packages/cd/ce/e2d5f1c5df76c4a5c2e340b43ccdc1ccabc8f16e34f4a35b0c70650126aa/dependency_injector-4.46.0-cp312-cp312-manylinux_2_17_aarch64.manylinux2014_aarch64.whl", hash = "sha256:71749472618f82f966f9fafde212ef1b2316bdd7afde4c48cdc6d6f961685793", size = 6777251 },
    { url = "https://files.pythonhosted.org/packages/02/d4/c3f45d5e9095b28b105bd419b84dfa5a7346091a78283e1744762a40b1fb/dependency_injector-4.46.0-cp312-cp312-manylinux_2_17_x86_64.manylinux2014_x86_64.whl", hash = "sha256:66733ee93317d97a2e1c2ef27da3bacea6d4521fcb441524c7a7a66fe038c071", size = 6899455 },
    { url = "https://files.pythonhosted.org/packages/79/94/896367942aa5480e1fe6b77027ac6f49a408ab4ee29a67f7542a71fe0b5b/dependency_injector-4.46.0-cp312-cp312-manylinux_2_5_i686.manylinux1_i686.manylinux_2_17_i686.manylinux2014_i686.whl", hash = "sha256:155ac135f8a556e087622067edbb1fb04ae0590b08649e0fc366ed7f3e8d7598", size = 6369976 },
    { url = "https://files.pythonhosted.org/packages/5e/8d/ee70b78ae4f59f9b74d79edb710b56099da2baad2e8e55ee32bbdbdd6694/dependency_injector-4.46.0-cp312-cp312-musllinux_1_2_aarch64.whl", hash = "sha256:dd6d39f7464420303e0b6e04df9e81c246dbfc2f7f89b12445bfe26fcf91dcd7", size = 6437025 },
    { url = "https://files.pythonhosted.org/packages/5d/8e/d3a440689efb94ba4b154da89c66d2a9727baabccae74ec1c6f6e2a4f3e3/dependency_injector-4.46.0-cp312-cp312-musllinux_1_2_i686.whl", hash = "sha256:337279da82e39f6e70c9e7bff507bc16ac6e6cf815711708f064f7104a5037af", size = 6267535 },
    { url = "https://files.pythonhosted.org/packages/0e/ab/fef3c6714ab86d5587e84dac195593650c0fb82e70f65383a5641133c746/dependency_injector-4.46.0-cp312-cp312-musllinux_1_2_x86_64.whl", hash = "sha256:5f37540062a0dea5bee1fb0756022327656af1d21de3b1dd583afdd5293ac6d2", size = 6671561 },
    { url = "https://files.pythonhosted.org/packages/66/08/124c0d640ce42b17069587da1d47738d53496ae32a5af9b428574260832b/dependency_injector-4.46.0-cp312-cp312-win32.whl", hash = "sha256:4a4e67a7994b882806030e5257243164b9ddfe24c09210b44fc5b5fca4effaf5", size = 1646831 },
    { url = "https://files.pythonhosted.org/packages/b3/5a/2fae936f19033624716a113eea3e106be3f7d1f7c090c53f9af55edc212f/dependency_injector-4.46.0-cp312-cp312-win_amd64.whl", hash = "sha256:3b24c85ba7a7d5883b91ad8a8150c40f9c2c3335971646fe67ef5ea6045715b1", size = 1763076 },
    { url = "https://files.pythonhosted.org/packages/68/5c/a052c83321dc7404a09eb2daf6e618655354fd287bec13b3bb2ac89975a9/dependency_injector-4.46.0-cp313-cp313-macosx_11_0_arm64.whl", hash = "sha256:6e7704d6286f4371dff5db56c124c1eac22922ecac7c9e96ef87a3842c21b9e2", size = 1843456 },
    { url = "https://files.pythonhosted.org/packages/a2/da/d07a74d678474c32c291813671ccc5bbd563459ff3f268053b7d574dd71e/dependency_injector-4.46.0-cp313-cp313-manylinux_2_17_aarch64.manylinux2014_aarch64.whl", hash = "sha256:3dcc19b41f78a62bb1c566c1885bba34a9228e51b65d993f3ac3b192935c48de", size = 6780631 },
    { url = "https://files.pythonhosted.org/packages/fb/85/84846f63950cf0dd885ce40e5249f43e67eff20bebc950ae3765ac0c62ee/dependency_injector-4.46.0-cp313-cp313-manylinux_2_17_x86_64.manylinux2014_x86_64.whl", hash = "sha256:4732b68af723a1ce014540b7662cbf53388608600add34b558d32f698504de95", size = 6912886 },
    { url = "https://files.pythonhosted.org/packages/55/8e/621c7ada63e691d8eba70d36ce5e11a55b601e15f7a7d6c41c1d13f65437/dependency_injector-4.46.0-cp313-cp313-manylinux_2_5_i686.manylinux1_i686.manylinux_2_17_i686.manylinux2014_i686.whl", hash = "sha256:02be5d2c6309a514b5164c05b8be7357a763bd42c503960d40c346dbf1f47faa", size = 6362736 },
    { url = "https://files.pythonhosted.org/packages/eb/df/c26c47e65c288ed7e3419859c35c3ff97c93fefdfcf7c9a3e4e502d55851/dependency_injector-4.46.0-cp313-cp313-musllinux_1_2_aarch64.whl", hash = "sha256:538b039bb11ec95edd993a8bf1862166ab299fc0fe44d8cbde37d4b0c2676267", size = 6503442 },
    { url = "https://files.pythonhosted.org/packages/0c/ba/ac6827fdccb1b3cd1764e356aa903837c4b3087277249e572e4c8fb6a823/dependency_injector-4.46.0-cp313-cp313-musllinux_1_2_i686.whl", hash = "sha256:b5302b31ec9327421a4f311d9839f1d639b6419a0dbe3f11af15e2728cb46073", size = 6293894 },
    { url = "https://files.pythonhosted.org/packages/c2/98/20b25dff08c18f0926b7df1f1f3fc9d826e23451128cc3b9c805b301cccf/dependency_injector-4.46.0-cp313-cp313-musllinux_1_2_x86_64.whl", hash = "sha256:a7838e1e1ca35b88ba456484a9c28107197b208144042d2bba6435429dc84c27", size = 6712383 },
    { url = "https://files.pythonhosted.org/packages/16/1c/d3dd9c80a4b365d2f51e637611b0b0fdc126fa2735bd3e471503d6dd841f/dependency_injector-4.46.0-cp313-cp313-win32.whl", hash = "sha256:e201905263b08e7fa52aac92596be45b76739218c799790d9687e33dd62aed60", size = 1648007 },
    { url = "https://files.pythonhosted.org/packages/27/e1/da261f8a8f0fb2dac6589a585010640ed55198edc12e3ccb89eccfee9406/dependency_injector-4.46.0-cp313-cp313-win_amd64.whl", hash = "sha256:360c0ece97c37ddb1742028f7b96081d3331f37dfeb96a5514827fc65ddbead4", size = 1762580 },
]

[[package]]
name = "greenlet"
version = "3.1.1"
source = { registry = "https://pypi.org/simple" }
sdist = { url = "https://files.pythonhosted.org/packages/2f/ff/df5fede753cc10f6a5be0931204ea30c35fa2f2ea7a35b25bdaf4fe40e46/greenlet-3.1.1.tar.gz", hash = "sha256:4ce3ac6cdb6adf7946475d7ef31777c26d94bccc377e070a7986bd2d5c515467", size = 186022 }
wheels = [
    { url = "https://files.pythonhosted.org/packages/7d/ec/bad1ac26764d26aa1353216fcbfa4670050f66d445448aafa227f8b16e80/greenlet-3.1.1-cp312-cp312-macosx_11_0_universal2.whl", hash = "sha256:4afe7ea89de619adc868e087b4d2359282058479d7cfb94970adf4b55284574d", size = 274260 },
    { url = "https://files.pythonhosted.org/packages/66/d4/c8c04958870f482459ab5956c2942c4ec35cac7fe245527f1039837c17a9/greenlet-3.1.1-cp312-cp312-manylinux_2_17_aarch64.manylinux2014_aarch64.whl", hash = "sha256:f406b22b7c9a9b4f8aa9d2ab13d6ae0ac3e85c9a809bd590ad53fed2bf70dc79", size = 649064 },
    { url = "https://files.pythonhosted.org/packages/51/41/467b12a8c7c1303d20abcca145db2be4e6cd50a951fa30af48b6ec607581/greenlet-3.1.1-cp312-cp312-manylinux_2_17_ppc64le.manylinux2014_ppc64le.whl", hash = "sha256:c3a701fe5a9695b238503ce5bbe8218e03c3bcccf7e204e455e7462d770268aa", size = 663420 },
    { url = "https://files.pythonhosted.org/packages/27/8f/2a93cd9b1e7107d5c7b3b7816eeadcac2ebcaf6d6513df9abaf0334777f6/greenlet-3.1.1-cp312-cp312-manylinux_2_17_s390x.manylinux2014_s390x.whl", hash = "sha256:2846930c65b47d70b9d178e89c7e1a69c95c1f68ea5aa0a58646b7a96df12441", size = 658035 },
    { url = "https://files.pythonhosted.org/packages/57/5c/7c6f50cb12be092e1dccb2599be5a942c3416dbcfb76efcf54b3f8be4d8d/greenlet-3.1.1-cp312-cp312-manylinux_2_17_x86_64.manylinux2014_x86_64.whl", hash = "sha256:99cfaa2110534e2cf3ba31a7abcac9d328d1d9f1b95beede58294a60348fba36", size = 660105 },
    { url = "https://files.pythonhosted.org/packages/f1/66/033e58a50fd9ec9df00a8671c74f1f3a320564c6415a4ed82a1c651654ba/greenlet-3.1.1-cp312-cp312-manylinux_2_24_x86_64.manylinux_2_28_x86_64.whl", hash = "sha256:1443279c19fca463fc33e65ef2a935a5b09bb90f978beab37729e1c3c6c25fe9", size = 613077 },
    { url = "https://files.pythonhosted.org/packages/19/c5/36384a06f748044d06bdd8776e231fadf92fc896bd12cb1c9f5a1bda9578/greenlet-3.1.1-cp312-cp312-musllinux_1_1_aarch64.whl", hash = "sha256:b7cede291382a78f7bb5f04a529cb18e068dd29e0fb27376074b6d0317bf4dd0", size = 1135975 },
    { url = "https://files.pythonhosted.org/packages/38/f9/c0a0eb61bdf808d23266ecf1d63309f0e1471f284300ce6dac0ae1231881/greenlet-3.1.1-cp312-cp312-musllinux_1_1_x86_64.whl", hash = "sha256:23f20bb60ae298d7d8656c6ec6db134bca379ecefadb0b19ce6f19d1f232a942", size = 1163955 },
    { url = "https://files.pythonhosted.org/packages/43/21/a5d9df1d21514883333fc86584c07c2b49ba7c602e670b174bd73cfc9c7f/greenlet-3.1.1-cp312-cp312-win_amd64.whl", hash = "sha256:7124e16b4c55d417577c2077be379514321916d5790fa287c9ed6f23bd2ffd01", size = 299655 },
    { url = "https://files.pythonhosted.org/packages/f3/57/0db4940cd7bb461365ca8d6fd53e68254c9dbbcc2b452e69d0d41f10a85e/greenlet-3.1.1-cp313-cp313-macosx_11_0_universal2.whl", hash = "sha256:05175c27cb459dcfc05d026c4232f9de8913ed006d42713cb8a5137bd49375f1", size = 272990 },
    { url = "https://files.pythonhosted.org/packages/1c/ec/423d113c9f74e5e402e175b157203e9102feeb7088cee844d735b28ef963/greenlet-3.1.1-cp313-cp313-manylinux_2_17_aarch64.manylinux2014_aarch64.whl", hash = "sha256:935e943ec47c4afab8965954bf49bfa639c05d4ccf9ef6e924188f762145c0ff", size = 649175 },
    { url = "https://files.pythonhosted.org/packages/a9/46/ddbd2db9ff209186b7b7c621d1432e2f21714adc988703dbdd0e65155c77/greenlet-3.1.1-cp313-cp313-manylinux_2_17_ppc64le.manylinux2014_ppc64le.whl", hash = "sha256:667a9706c970cb552ede35aee17339a18e8f2a87a51fba2ed39ceeeb1004798a", size = 663425 },
    { url = "https://files.pythonhosted.org/packages/bc/f9/9c82d6b2b04aa37e38e74f0c429aece5eeb02bab6e3b98e7db89b23d94c6/greenlet-3.1.1-cp313-cp313-manylinux_2_17_s390x.manylinux2014_s390x.whl", hash = "sha256:b8a678974d1f3aa55f6cc34dc480169d58f2e6d8958895d68845fa4ab566509e", size = 657736 },
    { url = "https://files.pythonhosted.org/packages/d9/42/b87bc2a81e3a62c3de2b0d550bf91a86939442b7ff85abb94eec3fc0e6aa/greenlet-3.1.1-cp313-cp313-manylinux_2_17_x86_64.manylinux2014_x86_64.whl", hash = "sha256:efc0f674aa41b92da8c49e0346318c6075d734994c3c4e4430b1c3f853e498e4", size = 660347 },
    { url = "https://files.pythonhosted.org/packages/37/fa/71599c3fd06336cdc3eac52e6871cfebab4d9d70674a9a9e7a482c318e99/greenlet-3.1.1-cp313-cp313-manylinux_2_24_x86_64.manylinux_2_28_x86_64.whl", hash = "sha256:0153404a4bb921f0ff1abeb5ce8a5131da56b953eda6e14b88dc6bbc04d2049e", size = 615583 },
    { url = "https://files.pythonhosted.org/packages/4e/96/e9ef85de031703ee7a4483489b40cf307f93c1824a02e903106f2ea315fe/greenlet-3.1.1-cp313-cp313-musllinux_1_1_aarch64.whl", hash = "sha256:275f72decf9932639c1c6dd1013a1bc266438eb32710016a1c742df5da6e60a1", size = 1133039 },
    { url = "https://files.pythonhosted.org/packages/87/76/b2b6362accd69f2d1889db61a18c94bc743e961e3cab344c2effaa4b4a25/greenlet-3.1.1-cp313-cp313-musllinux_1_1_x86_64.whl", hash = "sha256:c4aab7f6381f38a4b42f269057aee279ab0fc7bf2e929e3d4abfae97b682a12c", size = 1160716 },
    { url = "https://files.pythonhosted.org/packages/1f/1b/54336d876186920e185066d8c3024ad55f21d7cc3683c856127ddb7b13ce/greenlet-3.1.1-cp313-cp313-win_amd64.whl", hash = "sha256:b42703b1cf69f2aa1df7d1030b9d77d3e584a70755674d60e710f0af570f3761", size = 299490 },
    { url = "https://files.pythonhosted.org/packages/5f/17/bea55bf36990e1638a2af5ba10c1640273ef20f627962cf97107f1e5d637/greenlet-3.1.1-cp313-cp313t-manylinux_2_17_aarch64.manylinux2014_aarch64.whl", hash = "sha256:f1695e76146579f8c06c1509c7ce4dfe0706f49c6831a817ac04eebb2fd02011", size = 643731 },
    { url = "https://files.pythonhosted.org/packages/78/d2/aa3d2157f9ab742a08e0fd8f77d4699f37c22adfbfeb0c610a186b5f75e0/greenlet-3.1.1-cp313-cp313t-manylinux_2_17_ppc64le.manylinux2014_ppc64le.whl", hash = "sha256:7876452af029456b3f3549b696bb36a06db7c90747740c5302f74a9e9fa14b13", size = 649304 },
    { url = "https://files.pythonhosted.org/packages/f1/8e/d0aeffe69e53ccff5a28fa86f07ad1d2d2d6537a9506229431a2a02e2f15/greenlet-3.1.1-cp313-cp313t-manylinux_2_17_s390x.manylinux2014_s390x.whl", hash = "sha256:4ead44c85f8ab905852d3de8d86f6f8baf77109f9da589cb4fa142bd3b57b475", size = 646537 },
    { url = "https://files.pythonhosted.org/packages/05/79/e15408220bbb989469c8871062c97c6c9136770657ba779711b90870d867/greenlet-3.1.1-cp313-cp313t-manylinux_2_17_x86_64.manylinux2014_x86_64.whl", hash = "sha256:8320f64b777d00dd7ccdade271eaf0cad6636343293a25074cc5566160e4de7b", size = 642506 },
    { url = "https://files.pythonhosted.org/packages/18/87/470e01a940307796f1d25f8167b551a968540fbe0551c0ebb853cb527dd6/greenlet-3.1.1-cp313-cp313t-manylinux_2_24_x86_64.manylinux_2_28_x86_64.whl", hash = "sha256:6510bf84a6b643dabba74d3049ead221257603a253d0a9873f55f6a59a65f822", size = 602753 },
    { url = "https://files.pythonhosted.org/packages/e2/72/576815ba674eddc3c25028238f74d7b8068902b3968cbe456771b166455e/greenlet-3.1.1-cp313-cp313t-musllinux_1_1_aarch64.whl", hash = "sha256:04b013dc07c96f83134b1e99888e7a79979f1a247e2a9f59697fa14b5862ed01", size = 1122731 },
    { url = "https://files.pythonhosted.org/packages/ac/38/08cc303ddddc4b3d7c628c3039a61a3aae36c241ed01393d00c2fd663473/greenlet-3.1.1-cp313-cp313t-musllinux_1_1_x86_64.whl", hash = "sha256:411f015496fec93c1c8cd4e5238da364e1da7a124bcb293f085bf2860c32c6f6", size = 1142112 },
]

[[package]]
name = "iniconfig"
version = "2.1.0"
source = { registry = "https://pypi.org/simple" }
sdist = { url = "https://files.pythonhosted.org/packages/f2/97/ebf4da567aa6827c909642694d71c9fcf53e5b504f2d96afea02718862f3/iniconfig-2.1.0.tar.gz", hash = "sha256:3abbd2e30b36733fee78f9c7f7308f2d0050e88f0087fd25c2645f63c773e1c7", size = 4793 }
wheels = [
    { url = "https://files.pythonhosted.org/packages/2c/e1/e6716421ea10d38022b952c159d5161ca1193197fb744506875fbb87ea7b/iniconfig-2.1.0-py3-none-any.whl", hash = "sha256:9deba5723312380e77435581c6bf4935c94cbfab9b1ed33ef8d238ea168eb760", size = 6050 },
]

[[package]]
name = "mypy"
version = "1.15.0"
source = { registry = "https://pypi.org/simple" }
dependencies = [
    { name = "mypy-extensions" },
    { name = "typing-extensions" },
]
sdist = { url = "https://files.pythonhosted.org/packages/ce/43/d5e49a86afa64bd3839ea0d5b9c7103487007d728e1293f52525d6d5486a/mypy-1.15.0.tar.gz", hash = "sha256:404534629d51d3efea5c800ee7c42b72a6554d6c400e6a79eafe15d11341fd43", size = 3239717 }
wheels = [
    { url = "https://files.pythonhosted.org/packages/98/3a/03c74331c5eb8bd025734e04c9840532226775c47a2c39b56a0c8d4f128d/mypy-1.15.0-cp312-cp312-macosx_10_13_x86_64.whl", hash = "sha256:aea39e0583d05124836ea645f412e88a5c7d0fd77a6d694b60d9b6b2d9f184fd", size = 10793981 },
    { url = "https://files.pythonhosted.org/packages/f0/1a/41759b18f2cfd568848a37c89030aeb03534411eef981df621d8fad08a1d/mypy-1.15.0-cp312-cp312-macosx_11_0_arm64.whl", hash = "sha256:2f2147ab812b75e5b5499b01ade1f4a81489a147c01585cda36019102538615f", size = 9749175 },
    { url = "https://files.pythonhosted.org/packages/12/7e/873481abf1ef112c582db832740f4c11b2bfa510e829d6da29b0ab8c3f9c/mypy-1.15.0-cp312-cp312-manylinux_2_17_aarch64.manylinux2014_aarch64.manylinux_2_28_aarch64.whl", hash = "sha256:ce436f4c6d218a070048ed6a44c0bbb10cd2cc5e272b29e7845f6a2f57ee4464", size = 11455675 },
    { url = "https://files.pythonhosted.org/packages/b3/d0/92ae4cde706923a2d3f2d6c39629134063ff64b9dedca9c1388363da072d/mypy-1.15.0-cp312-cp312-manylinux_2_17_x86_64.manylinux2014_x86_64.manylinux_2_28_x86_64.whl", hash = "sha256:8023ff13985661b50a5928fc7a5ca15f3d1affb41e5f0a9952cb68ef090b31ee", size = 12410020 },
    { url = "https://files.pythonhosted.org/packages/46/8b/df49974b337cce35f828ba6fda228152d6db45fed4c86ba56ffe442434fd/mypy-1.15.0-cp312-cp312-musllinux_1_2_x86_64.whl", hash = "sha256:1124a18bc11a6a62887e3e137f37f53fbae476dc36c185d549d4f837a2a6a14e", size = 12498582 },
    { url = "https://files.pythonhosted.org/packages/13/50/da5203fcf6c53044a0b699939f31075c45ae8a4cadf538a9069b165c1050/mypy-1.15.0-cp312-cp312-win_amd64.whl", hash = "sha256:171a9ca9a40cd1843abeca0e405bc1940cd9b305eaeea2dda769ba096932bb22", size = 9366614 },
    { url = "https://files.pythonhosted.org/packages/6a/9b/fd2e05d6ffff24d912f150b87db9e364fa8282045c875654ce7e32fffa66/mypy-1.15.0-cp313-cp313-macosx_10_13_x86_64.whl", hash = "sha256:93faf3fdb04768d44bf28693293f3904bbb555d076b781ad2530214ee53e3445", size = 10788592 },
    { url = "https://files.pythonhosted.org/packages/74/37/b246d711c28a03ead1fd906bbc7106659aed7c089d55fe40dd58db812628/mypy-1.15.0-cp313-cp313-macosx_11_0_arm64.whl", hash = "sha256:811aeccadfb730024c5d3e326b2fbe9249bb7413553f15499a4050f7c30e801d", size = 9753611 },
    { url = "https://files.pythonhosted.org/packages/a6/ac/395808a92e10cfdac8003c3de9a2ab6dc7cde6c0d2a4df3df1b815ffd067/mypy-1.15.0-cp313-cp313-manylinux_2_17_aarch64.manylinux2014_aarch64.manylinux_2_28_aarch64.whl", hash = "sha256:98b7b9b9aedb65fe628c62a6dc57f6d5088ef2dfca37903a7d9ee374d03acca5", size = 11438443 },
    { url = "https://files.pythonhosted.org/packages/d2/8b/801aa06445d2de3895f59e476f38f3f8d610ef5d6908245f07d002676cbf/mypy-1.15.0-cp313-cp313-manylinux_2_17_x86_64.manylinux2014_x86_64.manylinux_2_28_x86_64.whl", hash = "sha256:c43a7682e24b4f576d93072216bf56eeff70d9140241f9edec0c104d0c515036", size = 12402541 },
    { url = "https://files.pythonhosted.org/packages/c7/67/5a4268782eb77344cc613a4cf23540928e41f018a9a1ec4c6882baf20ab8/mypy-1.15.0-cp313-cp313-musllinux_1_2_x86_64.whl", hash = "sha256:baefc32840a9f00babd83251560e0ae1573e2f9d1b067719479bfb0e987c6357", size = 12494348 },
    { url = "https://files.pythonhosted.org/packages/83/3e/57bb447f7bbbfaabf1712d96f9df142624a386d98fb026a761532526057e/mypy-1.15.0-cp313-cp313-win_amd64.whl", hash = "sha256:b9378e2c00146c44793c98b8d5a61039a048e31f429fb0eb546d93f4b000bedf", size = 9373648 },
    { url = "https://files.pythonhosted.org/packages/09/4e/a7d65c7322c510de2c409ff3828b03354a7c43f5a8ed458a7a131b41c7b9/mypy-1.15.0-py3-none-any.whl", hash = "sha256:5469affef548bd1895d86d3bf10ce2b44e33d86923c29e4d675b3e323437ea3e", size = 2221777 },
]

[[package]]
name = "mypy-extensions"
version = "1.0.0"
source = { registry = "https://pypi.org/simple" }
sdist = { url = "https://files.pythonhosted.org/packages/98/a4/1ab47638b92648243faf97a5aeb6ea83059cc3624972ab6b8d2316078d3f/mypy_extensions-1.0.0.tar.gz", hash = "sha256:75dbf8955dc00442a438fc4d0666508a9a97b6bd41aa2f0ffe9d2f2725af0782", size = 4433 }
wheels = [
    { url = "https://files.pythonhosted.org/packages/2a/e2/5d3f6ada4297caebe1a2add3b126fe800c96f56dbe5d1988a2cbe0b267aa/mypy_extensions-1.0.0-py3-none-any.whl", hash = "sha256:4392f6c0eb8a5668a69e23d168ffa70f0be9ccfd32b5cc2d26a34ae5b844552d", size = 4695 },
]

[[package]]
name = "packaging"
version = "24.2"
source = { registry = "https://pypi.org/simple" }
sdist = { url = "https://files.pythonhosted.org/packages/d0/63/68dbb6eb2de9cb10ee4c9c14a0148804425e13c4fb20d61cce69f53106da/packaging-24.2.tar.gz", hash = "sha256:c228a6dc5e932d346bc5739379109d49e8853dd8223571c7c5b55260edc0b97f", size = 163950 }
wheels = [
    { url = "https://files.pythonhosted.org/packages/88/ef/eb23f262cca3c0c4eb7ab1933c3b1f03d021f2c48f54763065b6f0e321be/packaging-24.2-py3-none-any.whl", hash = "sha256:09abb1bccd265c01f4a3aa3f7a7db064b36514d2cba19a2f694fe6150451a759", size = 65451 },
]

[[package]]
name = "pluggy"
version = "1.5.0"
source = { registry = "https://pypi.org/simple" }
sdist = { url = "https://files.pythonhosted.org/packages/96/2d/02d4312c973c6050a18b314a5ad0b3210edb65a906f868e31c111dede4a6/pluggy-1.5.0.tar.gz", hash = "sha256:2cffa88e94fdc978c4c574f15f9e59b7f4201d439195c3715ca9e2486f1d0cf1", size = 67955 }
wheels = [
    { url = "https://files.pythonhosted.org/packages/88/5f/e351af9a41f866ac3f1fac4ca0613908d9a41741cfcf2228f4ad853b697d/pluggy-1.5.0-py3-none-any.whl", hash = "sha256:44e1ad92c8ca002de6377e165f3e0f1be63266ab4d554740532335b9d75ea669", size = 20556 },
]

[[package]]
name = "pytest"
version = "8.3.5"
source = { registry = "https://pypi.org/simple" }
dependencies = [
    { name = "colorama", marker = "sys_platform == 'win32'" },
    { name = "iniconfig" },
    { name = "packaging" },
    { name = "pluggy" },
]
sdist = { url = "https://files.pythonhosted.org/packages/ae/3c/c9d525a414d506893f0cd8a8d0de7706446213181570cdbd766691164e40/pytest-8.3.5.tar.gz", hash = "sha256:f4efe70cc14e511565ac476b57c279e12a855b11f48f212af1080ef2263d3845", size = 1450891 }
wheels = [
    { url = "https://files.pythonhosted.org/packages/30/3d/64ad57c803f1fa1e963a7946b6e0fea4a70df53c1a7fed304586539c2bac/pytest-8.3.5-py3-none-any.whl", hash = "sha256:c69214aa47deac29fad6c2a4f590b9c4a9fdb16a403176fe154b79c0b4d4d820", size = 343634 },
]

[[package]]
name = "pytest-cov"
version = "6.0.0"
source = { registry = "https://pypi.org/simple" }
dependencies = [
    { name = "coverage" },
    { name = "pytest" },
]
sdist = { url = "https://files.pythonhosted.org/packages/be/45/9b538de8cef30e17c7b45ef42f538a94889ed6a16f2387a6c89e73220651/pytest-cov-6.0.0.tar.gz", hash = "sha256:fde0b595ca248bb8e2d76f020b465f3b107c9632e6a1d1705f17834c89dcadc0", size = 66945 }
wheels = [
    { url = "https://files.pythonhosted.org/packages/36/3b/48e79f2cd6a61dbbd4807b4ed46cb564b4fd50a76166b1c4ea5c1d9e2371/pytest_cov-6.0.0-py3-none-any.whl", hash = "sha256:eee6f1b9e61008bd34975a4d5bab25801eb31898b032dd55addc93e96fcaaa35", size = 22949 },
]

[[package]]
name = "python-cli-ddd"
version = "0.1.0"
source = { editable = "." }
dependencies = [
    { name = "click" },
    { name = "dependency-injector" },
    { name = "python-dotenv" },
    { name = "sqlalchemy" },
    { name = "tabulate" },
]

[package.optional-dependencies]
dev = [
    { name = "mypy" },
    { name = "pytest" },
    { name = "pytest-cov" },
    { name = "ruff" },
    { name = "types-tabulate" },
]

[package.metadata]
requires-dist = [
    { name = "click", specifier = ">=8.1.8" },
    { name = "dependency-injector", specifier = ">=4.41.0" },
    { name = "mypy", marker = "extra == 'dev'", specifier = ">=1.9.0" },
    { name = "pytest", marker = "extra == 'dev'", specifier = ">=8.0.0" },
    { name = "pytest-cov", marker = "extra == 'dev'", specifier = ">=4.1.0" },
    { name = "python-dotenv", specifier = ">=1.0.1" },
    { name = "ruff", marker = "extra == 'dev'", specifier = "==0.3.3" },
    { name = "sqlalchemy", specifier = ">=2.0.0" },
    { name = "tabulate", specifier = ">=0.9.0" },
    { name = "types-tabulate", marker = "extra == 'dev'", specifier = ">=0.9.0" },
]
provides-extras = ["dev"]

[[package]]
name = "python-dotenv"
version = "1.0.1"
source = { registry = "https://pypi.org/simple" }
sdist = { url = "https://files.pythonhosted.org/packages/bc/57/e84d88dfe0aec03b7a2d4327012c1627ab5f03652216c63d49846d7a6c58/python-dotenv-1.0.1.tar.gz", hash = "sha256:e324ee90a023d808f1959c46bcbc04446a10ced277783dc6ee09987c37ec10ca", size = 39115 }
wheels = [
    { url = "https://files.pythonhosted.org/packages/6a/3e/b68c118422ec867fa7ab88444e1274aa40681c606d59ac27de5a5588f082/python_dotenv-1.0.1-py3-none-any.whl", hash = "sha256:f7b63ef50f1b690dddf550d03497b66d609393b40b564ed0d674909a68ebf16a", size = 19863 },
]

[[package]]
name = "ruff"
version = "0.3.3"
source = { registry = "https://pypi.org/simple" }
sdist = { url = "https://files.pythonhosted.org/packages/01/29/17c1004215dc334305825622192de03b3d5f008290e04e472705527e9e15/ruff-0.3.3.tar.gz", hash = "sha256:38671be06f57a2f8aba957d9f701ea889aa5736be806f18c0cd03d6ff0cbca8d", size = 2127676 }
wheels = [
    { url = "https://files.pythonhosted.org/packages/d9/fc/13705cac63dbe80d70180edf6efebec3d9ff3b6de182e069b586a0d5fb8a/ruff-0.3.3-py3-none-macosx_10_12_x86_64.macosx_11_0_arm64.macosx_10_12_universal2.whl", hash = "sha256:973a0e388b7bc2e9148c7f9be8b8c6ae7471b9be37e1cc732f8f44a6f6d7720d", size = 16335032 },
    { url = "https://files.pythonhosted.org/packages/7d/90/6da4a4c50653e99d5b8ac05e2486f0d0cd1beeea7385c6e02c788c53ca75/ruff-0.3.3-py3-none-macosx_10_12_x86_64.whl", hash = "sha256:cfa60d23269d6e2031129b053fdb4e5a7b0637fc6c9c0586737b962b2f834493", size = 8368394 },
    { url = "https://files.pythonhosted.org/packages/f0/7c/fd713882b631cdbacd94b5d83319781f01d0da4c8f0a1c088f0685901269/ruff-0.3.3-py3-none-manylinux_2_17_aarch64.manylinux2014_aarch64.whl", hash = "sha256:1eca7ff7a47043cf6ce5c7f45f603b09121a7cc047447744b029d1b719278eb5", size = 8049585 },
    { url = "https://files.pythonhosted.org/packages/26/a4/8f8549bccf989a315946dced27d73d2cbc7fcd4f07bd9089833e7d3fa046/ruff-0.3.3-py3-none-manylinux_2_17_armv7l.manylinux2014_armv7l.whl", hash = "sha256:e7d3f6762217c1da954de24b4a1a70515630d29f71e268ec5000afe81377642d", size = 7422352 },
    { url = "https://files.pythonhosted.org/packages/33/9a/7a9ea425eb4772fff331016502875a31cc95a10dd987060d22e68448c9ed/ruff-0.3.3-py3-none-manylinux_2_17_i686.manylinux2014_i686.whl", hash = "sha256:b24c19e8598916d9c6f5a5437671f55ee93c212a2c4c569605dc3842b6820386", size = 8593274 },
    { url = "https://files.pythonhosted.org/packages/1f/02/d1866a6803506ba34029f8297cce77232dba497ab1cabdc6b26e7ff4a6e2/ruff-0.3.3-py3-none-manylinux_2_17_ppc64.manylinux2014_ppc64.whl", hash = "sha256:5a6cbf216b69c7090f0fe4669501a27326c34e119068c1494f35aaf4cc683778", size = 9321948 },
    { url = "https://files.pythonhosted.org/packages/b7/ea/30f985d4d9b15398109c3dd4168a714ec67cd97b2b296e66ca7b79bb217b/ruff-0.3.3-py3-none-manylinux_2_17_ppc64le.manylinux2014_ppc64le.whl", hash = "sha256:352e95ead6964974b234e16ba8a66dad102ec7bf8ac064a23f95371d8b198aab", size = 9009899 },
    { url = "https://files.pythonhosted.org/packages/1f/1c/b6f6d078c2a3f5fe58e3298e4487b2c781b4bd13d152925a95a5834f42da/ruff-0.3.3-py3-none-manylinux_2_17_s390x.manylinux2014_s390x.whl", hash = "sha256:8d6ab88c81c4040a817aa432484e838aaddf8bfd7ca70e4e615482757acb64f8", size = 9941517 },
    { url = "https://files.pythonhosted.org/packages/1f/ff/a2d9b2aa5a76d1386b5d59f2e1f6fd0466bd02ccfbaa527fdd84ef4021e6/ruff-0.3.3-py3-none-manylinux_2_17_x86_64.manylinux2014_x86_64.whl", hash = "sha256:79bca3a03a759cc773fca69e0bdeac8abd1c13c31b798d5bb3c9da4a03144a9f", size = 8589046 },
    { url = "https://files.pythonhosted.org/packages/f7/7d/f3f2932cb5daf9057e7fc65270ff69fbf4ce02428ca1bbdaca277ed65587/ruff-0.3.3-py3-none-musllinux_1_2_aarch64.whl", hash = "sha256:2700a804d5336bcffe063fd789ca2c7b02b552d2e323a336700abb8ae9e6a3f8", size = 7949112 },
    { url = "https://files.pythonhosted.org/packages/e6/d2/267fe5d45e581a62206b832f784ccee9c434c2e0148c4639743fa48a5dc1/ruff-0.3.3-py3-none-musllinux_1_2_armv7l.whl", hash = "sha256:fd66469f1a18fdb9d32e22b79f486223052ddf057dc56dea0caaf1a47bdfaf4e", size = 7405545 },
    { url = "https://files.pythonhosted.org/packages/00/cb/c77db06709435409ec51074080972adca6b3584d6360cd57bf683b64fd43/ruff-0.3.3-py3-none-musllinux_1_2_i686.whl", hash = "sha256:45817af234605525cdf6317005923bf532514e1ea3d9270acf61ca2440691376", size = 8183462 },
    { url = "https://files.pythonhosted.org/packages/39/a8/311e96487c262ba7020bddd5af8da220b2bd031a5540b441fdcb0ff5aa26/ruff-0.3.3-py3-none-musllinux_1_2_x86_64.whl", hash = "sha256:0da458989ce0159555ef224d5b7c24d3d2e4bf4c300b85467b08c3261c6bc6a8", size = 8633825 },
    { url = "https://files.pythonhosted.org/packages/72/9d/106a418a450fcc70c7a2e01f8abc7aac9efef0af4776be9450bbd64947c4/ruff-0.3.3-py3-none-win32.whl", hash = "sha256:f2831ec6a580a97f1ea82ea1eda0401c3cdf512cf2045fa3c85e8ef109e87de0", size = 7584392 },
    { url = "https://files.pythonhosted.org/packages/35/9c/83ec3907cc5bb8ba53b466b1f964aeb0f1049be2495604fa6f0623100686/ruff-0.3.3-py3-none-win_amd64.whl", hash = "sha256:be90bcae57c24d9f9d023b12d627e958eb55f595428bafcb7fec0791ad25ddfc", size = 8375083 },
    { url = "https://files.pythonhosted.org/packages/87/48/cc7f22641555667d9584f571f5bc645ad91a11e639e17989260185e2b86f/ruff-0.3.3-py3-none-win_arm64.whl", hash = "sha256:0171aab5fecdc54383993389710a3d1227f2da124d76a2784a7098e818f92d61", size = 7975398 },
]

[[package]]
name = "sqlalchemy"
version = "2.0.39"
source = { registry = "https://pypi.org/simple" }
dependencies = [
    { name = "greenlet", marker = "(python_full_version < '3.14' and platform_machine == 'AMD64') or (python_full_version < '3.14' and platform_machine == 'WIN32') or (python_full_version < '3.14' and platform_machine == 'aarch64') or (python_full_version < '3.14' and platform_machine == 'amd64') or (python_full_version < '3.14' and platform_machine == 'ppc64le') or (python_full_version < '3.14' and platform_machine == 'win32') or (python_full_version < '3.14' and platform_machine == 'x86_64')" },
    { name = "typing-extensions" },
]
sdist = { url = "https://files.pythonhosted.org/packages/00/8e/e77fcaa67f8b9f504b4764570191e291524575ddbfe78a90fc656d671fdc/sqlalchemy-2.0.39.tar.gz", hash = "sha256:5d2d1fe548def3267b4c70a8568f108d1fed7cbbeccb9cc166e05af2abc25c22", size = 9644602 }
wheels = [
    { url = "https://files.pythonhosted.org/packages/98/86/b2cb432aeb00a1eda7ed33ce86d943c2452dc1642f3ec51bfe9eaae9604b/sqlalchemy-2.0.39-cp312-cp312-macosx_10_13_x86_64.whl", hash = "sha256:c457a38351fb6234781d054260c60e531047e4d07beca1889b558ff73dc2014b", size = 2107210 },
    { url = "https://files.pythonhosted.org/packages/bf/b0/b2479edb3419ca763ba1b587161c292d181351a33642985506a530f9162b/sqlalchemy-2.0.39-cp312-cp312-macosx_11_0_arm64.whl", hash = "sha256:018ee97c558b499b58935c5a152aeabf6d36b3d55d91656abeb6d93d663c0c4c", size = 2097599 },
    { url = "https://files.pythonhosted.org/packages/58/5e/c5b792a4abcc71e68d44cb531c4845ac539d558975cc61db1afbc8a73c96/sqlalchemy-2.0.39-cp312-cp312-manylinux_2_17_aarch64.manylinux2014_aarch64.whl", hash = "sha256:5493a8120d6fc185f60e7254fc056a6742f1db68c0f849cfc9ab46163c21df47", size = 3247012 },
    { url = "https://files.pythonhosted.org/packages/e0/a8/055fa8a7c5f85e6123b7e40ec2e9e87d63c566011d599b4a5ab75e033017/sqlalchemy-2.0.39-cp312-cp312-manylinux_2_17_x86_64.manylinux2014_x86_64.whl", hash = "sha256:b2cf5b5ddb69142511d5559c427ff00ec8c0919a1e6c09486e9c32636ea2b9dd", size = 3257851 },
    { url = "https://files.pythonhosted.org/packages/f6/40/aec16681e91a22ddf03dbaeb3c659bce96107c5f47d2a7c665eb7f24a014/sqlalchemy-2.0.39-cp312-cp312-musllinux_1_2_aarch64.whl", hash = "sha256:9f03143f8f851dd8de6b0c10784363712058f38209e926723c80654c1b40327a", size = 3193155 },
    { url = "https://files.pythonhosted.org/packages/21/9d/cef697b137b9eb0b66ab8e9cf193a7c7c048da3b4bb667e5fcea4d90c7a2/sqlalchemy-2.0.39-cp312-cp312-musllinux_1_2_x86_64.whl", hash = "sha256:06205eb98cb3dd52133ca6818bf5542397f1dd1b69f7ea28aa84413897380b06", size = 3219770 },
    { url = "https://files.pythonhosted.org/packages/57/05/e109ca7dde837d8f2f1b235357e4e607f8af81ad8bc29c230fed8245687d/sqlalchemy-2.0.39-cp312-cp312-win32.whl", hash = "sha256:7f5243357e6da9a90c56282f64b50d29cba2ee1f745381174caacc50d501b109", size = 2077567 },
    { url = "https://files.pythonhosted.org/packages/97/c6/25ca068e38c29ed6be0fde2521888f19da923dbd58f5ff16af1b73ec9b58/sqlalchemy-2.0.39-cp312-cp312-win_amd64.whl", hash = "sha256:2ed107331d188a286611cea9022de0afc437dd2d3c168e368169f27aa0f61338", size = 2103136 },
    { url = "https://files.pythonhosted.org/packages/32/47/55778362642344324a900b6b2b1b26f7f02225b374eb93adc4a363a2d8ae/sqlalchemy-2.0.39-cp313-cp313-macosx_10_13_x86_64.whl", hash = "sha256:fe193d3ae297c423e0e567e240b4324d6b6c280a048e64c77a3ea6886cc2aa87", size = 2102484 },
    { url = "https://files.pythonhosted.org/packages/1b/e1/f5f26f67d095f408138f0fb2c37f827f3d458f2ae51881546045e7e55566/sqlalchemy-2.0.39-cp313-cp313-macosx_11_0_arm64.whl", hash = "sha256:79f4f502125a41b1b3b34449e747a6abfd52a709d539ea7769101696bdca6716", size = 2092955 },
    { url = "https://files.pythonhosted.org/packages/c5/c2/0db0022fc729a54fc7aef90a3457bf20144a681baef82f7357832b44c566/sqlalchemy-2.0.39-cp313-cp313-manylinux_2_17_aarch64.manylinux2014_aarch64.whl", hash = "sha256:8a10ca7f8a1ea0fd5630f02feb055b0f5cdfcd07bb3715fc1b6f8cb72bf114e4", size = 3179367 },
    { url = "https://files.pythonhosted.org/packages/33/b7/f33743d87d0b4e7a1f12e1631a4b9a29a8d0d7c0ff9b8c896d0bf897fb60/sqlalchemy-2.0.39-cp313-cp313-manylinux_2_17_x86_64.manylinux2014_x86_64.whl", hash = "sha256:e6b0a1c7ed54a5361aaebb910c1fa864bae34273662bb4ff788a527eafd6e14d", size = 3192705 },
    { url = "https://files.pythonhosted.org/packages/c9/74/6814f31719109c973ddccc87bdfc2c2a9bc013bec64a375599dc5269a310/sqlalchemy-2.0.39-cp313-cp313-musllinux_1_2_aarch64.whl", hash = "sha256:52607d0ebea43cf214e2ee84a6a76bc774176f97c5a774ce33277514875a718e", size = 3125927 },
    { url = "https://files.pythonhosted.org/packages/e8/6b/18f476f4baaa9a0e2fbc6808d8f958a5268b637c8eccff497bf96908d528/sqlalchemy-2.0.39-cp313-cp313-musllinux_1_2_x86_64.whl", hash = "sha256:c08a972cbac2a14810463aec3a47ff218bb00c1a607e6689b531a7c589c50723", size = 3154055 },
    { url = "https://files.pythonhosted.org/packages/b4/60/76714cecb528da46bc53a0dd36d1ccef2f74ef25448b630a0a760ad07bdb/sqlalchemy-2.0.39-cp313-cp313-win32.whl", hash = "sha256:23c5aa33c01bd898f879db158537d7e7568b503b15aad60ea0c8da8109adf3e7", size = 2075315 },
    { url = "https://files.pythonhosted.org/packages/5b/7c/76828886d913700548bac5851eefa5b2c0251ebc37921fe476b93ce81b50/sqlalchemy-2.0.39-cp313-cp313-win_amd64.whl", hash = "sha256:4dabd775fd66cf17f31f8625fc0e4cfc5765f7982f94dc09b9e5868182cb71c0", size = 2099175 },
    { url = "https://files.pythonhosted.org/packages/7b/0f/d69904cb7d17e65c65713303a244ec91fd3c96677baf1d6331457fd47e16/sqlalchemy-2.0.39-py3-none-any.whl", hash = "sha256:a1c6b0a5e3e326a466d809b651c63f278b1256146a377a528b6938a279da334f", size = 1898621 },
]

[[package]]
name = "tabulate"
version = "0.9.0"
source = { registry = "https://pypi.org/simple" }
sdist = { url = "https://files.pythonhosted.org/packages/ec/fe/802052aecb21e3797b8f7902564ab6ea0d60ff8ca23952079064155d1ae1/tabulate-0.9.0.tar.gz", hash = "sha256:0095b12bf5966de529c0feb1fa08671671b3368eec77d7ef7ab114be2c068b3c", size = 81090 }
wheels = [
    { url = "https://files.pythonhosted.org/packages/40/44/4a5f08c96eb108af5cb50b41f76142f0afa346dfa99d5296fe7202a11854/tabulate-0.9.0-py3-none-any.whl", hash = "sha256:024ca478df22e9340661486f85298cff5f6dcdba14f3813e8830015b9ed1948f", size = 35252 },
]

[[package]]
name = "types-tabulate"
version = "0.9.0.20241207"
source = { registry = "https://pypi.org/simple" }
sdist = { url = "https://files.pythonhosted.org/packages/3f/43/16030404a327e4ff8c692f2273854019ed36718667b2993609dc37d14dd4/types_tabulate-0.9.0.20241207.tar.gz", hash = "sha256:ac1ac174750c0a385dfd248edc6279fa328aaf4ea317915ab879a2ec47833230", size = 8195 }
wheels = [
    { url = "https://files.pythonhosted.org/packages/5e/86/a9ebfd509cbe74471106dffed320e208c72537f9aeb0a55eaa6b1b5e4d17/types_tabulate-0.9.0.20241207-py3-none-any.whl", hash = "sha256:b8dad1343c2a8ba5861c5441370c3e35908edd234ff036d4298708a1d4cf8a85", size = 8307 },
]

[[package]]
name = "typing-extensions"
version = "4.12.2"
source = { registry = "https://pypi.org/simple" }
sdist = { url = "https://files.pythonhosted.org/packages/df/db/f35a00659bc03fec321ba8bce9420de607a1d37f8342eee1863174c69557/typing_extensions-4.12.2.tar.gz", hash = "sha256:1a7ead55c7e559dd4dee8856e3a88b41225abfe1ce8df57b7c13915fe121ffb8", size = 85321 }
wheels = [
    { url = "https://files.pythonhosted.org/packages/26/9f/ad63fc0248c5379346306f8668cda6e2e2e9c95e01216d2b8ffd9ff037d0/typing_extensions-4.12.2-py3-none-any.whl", hash = "sha256:04e5ca0351e0f3f85c6853954072df659d0d13fac324d0072316b67d7794700d", size = 37438 },
]
